
Microsoft Visual Studio Solution File, Format Version 11.00
# Visual Studio 2010
Project("{8BC9CEB8-8B4A-11D0-8D11-00A0C91BC942}") = "TinyXmlWrapper", "TinyXmlWrapper\TinyXmlWrapper.vcxproj", "{CDDE1AAF-9889-42FA-BC12-E8CEF2D92160}"
EndProject
Project("{8BC9CEB8-8B4A-11D0-8D11-00A0C91BC942}") = "UnitTest", "UnitTest\UnitTest.vcxproj", "{305E0B14-252E-43D8-B731-D4905A1B9D9B}"
EndProject
Global
	GlobalSection(SolutionConfigurationPlatforms) = preSolution
		Debug|Win32 = Debug|Win32
		Release|Win32 = Release|Win32
	EndGlobalSection
	GlobalSection(ProjectConfigurationPlatforms) = postSolution
		{CDDE1AAF-9889-42FA-BC12-E8CEF2D92160}.Debug|Win32.ActiveCfg = Debug|Win32
		{CDDE1AAF-9889-42FA-BC12-E8CEF2D92160}.Debug|Win32.Build.0 = Debug|Win32
		{CDDE1AAF-9889-42FA-BC12-E8CEF2D92160}.Release|Win32.ActiveCfg = Release|Win32
		{CDDE1AAF-9889-42FA-BC12-E8CEF2D92160}.Release|Win32.Build.0 = Release|Win32
		{305E0B14-252E-43D8-B731-D4905A1B9D9B}.Debug|Win32.ActiveCfg = Debug|Win32
		{305E0B14-252E-43D8-B731-D4905A1B9D9B}.Debug|Win32.Build.0 = Debug|Win32
		{305E0B14-252E-43D8-B731-D4905A1B9D9B}.Release|Win32.ActiveCfg = Release|Win32
		{305E0B14-252E-43D8-B731-D4905A1B9D9B}.Release|Win32.Build.0 = Release|Win32
	EndGlobalSection
	GlobalSection(SolutionProperties) = preSolution
		HideSolutionNode = FALSE
	EndGlobalSection
EndGlobal
